
Microsoft Visual Studio Solution File, Format Version 12.00
# Visual Studio Version 16
VisualStudioVersion = 16.0.810.25
MinimumVisualStudioVersion = 10.0.40219.1
Project("{FAE04EC0-301F-11D3-BF4B-00C04F79EFBC}") = "CodingPractice_Csharp", "CodingPractice_Csharp\CodingPractice_Csharp.csproj", "{EA630001-72B1-4D73-9D3D-0DCB1BEF7691}"
EndProject
Global
	GlobalSection(SolutionConfigurationPlatforms) = preSolution
		Debug|Any CPU = Debug|Any CPU
		Release|Any CPU = Release|Any CPU
	EndGlobalSection
	GlobalSection(ProjectConfigurationPlatforms) = postSolution
		{EA630001-72B1-4D73-9D3D-0DCB1BEF7691}.Debug|Any CPU.ActiveCfg = Debug|Any CPU
		{EA630001-72B1-4D73-9D3D-0DCB1BEF7691}.Debug|Any CPU.Build.0 = Debug|Any CPU
		{EA630001-72B1-4D73-9D3D-0DCB1BEF7691}.Release|Any CPU.ActiveCfg = Release|Any CPU
		{EA630001-72B1-4D73-9D3D-0DCB1BEF7691}.Release|Any CPU.Build.0 = Release|Any CPU
	EndGlobalSection
	GlobalSection(SolutionProperties) = preSolution
		HideSolutionNode = FALSE
	EndGlobalSection
	GlobalSection(ExtensibilityGlobals) = postSolution
		SolutionGuid = {8E59C592-2B85-45C8-B5EB-470A6B43FBA7}
	EndGlobalSection
EndGlobal
